
Microsoft Visual Studio Solution File, Format Version 12.00
# Visual Studio Version 17
VisualStudioVersion = 17.13.35825.156 d17.13
MinimumVisualStudioVersion = 10.0.40219.1
Project("{FAE04EC0-301F-11D3-BF4B-00C04F79EFBC}") = "ChronicDiseaseApplication", "ChronicDiseaseApplication.csproj", "{6B0EB10F-A1F6-453D-90B4-5BBB422996FD}"
EndProject
Project("{54A90642-561A-4BB1-A94E-469ADEE60C69}") = "ChronicDiseaseAngularApplication", "..\ChronicDiseaseAngularApplication\ChronicDiseaseAngularApplication.esproj", "{E43FBC0F-BB2C-9632-51DA-A38B01815A40}"
EndProject
Global
	GlobalSection(SolutionConfigurationPlatforms) = preSolution
		Debug|Any CPU = Debug|Any CPU
		Release|Any CPU = Release|Any CPU
	EndGlobalSection
	GlobalSection(ProjectConfigurationPlatforms) = postSolution
		{6B0EB10F-A1F6-453D-90B4-5BBB422996FD}.Debug|Any CPU.ActiveCfg = Debug|Any CPU
		{6B0EB10F-A1F6-453D-90B4-5BBB422996FD}.Debug|Any CPU.Build.0 = Debug|Any CPU
		{6B0EB10F-A1F6-453D-90B4-5BBB422996FD}.Release|Any CPU.ActiveCfg = Release|Any CPU
		{6B0EB10F-A1F6-453D-90B4-5BBB422996FD}.Release|Any CPU.Build.0 = Release|Any CPU
		{E43FBC0F-BB2C-9632-51DA-A38B01815A40}.Debug|Any CPU.ActiveCfg = Debug|Any CPU
		{E43FBC0F-BB2C-9632-51DA-A38B01815A40}.Debug|Any CPU.Build.0 = Debug|Any CPU
		{E43FBC0F-BB2C-9632-51DA-A38B01815A40}.Debug|Any CPU.Deploy.0 = Debug|Any CPU
		{E43FBC0F-BB2C-9632-51DA-A38B01815A40}.Release|Any CPU.ActiveCfg = Release|Any CPU
		{E43FBC0F-BB2C-9632-51DA-A38B01815A40}.Release|Any CPU.Build.0 = Release|Any CPU
		{E43FBC0F-BB2C-9632-51DA-A38B01815A40}.Release|Any CPU.Deploy.0 = Release|Any CPU
	EndGlobalSection
	GlobalSection(SolutionProperties) = preSolution
		HideSolutionNode = FALSE
	EndGlobalSection
	GlobalSection(ExtensibilityGlobals) = postSolution
		SolutionGuid = {187BE617-AC00-42B6-B0EF-BC1768710914}
	EndGlobalSection
EndGlobal
